{
    "_meta": {
        "hash": {
            "sha256": "79ac98a80b2308bd047f05acd82aeee1b6bc3366ed05558070bd596327229aff"
        },
        "pipfile-spec": 6,
        "requires": {
            "python_version": "3.12"
        },
        "sources": [
            {
                "name": "pypi",
                "url": "https://pypi.org/simple",
                "verify_ssl": true
            }
        ]
    },
    "default": {
        "micropython-rp2-pico-w-stubs": {
            "hashes": [
                "sha256:91ab52533620c6bc69617d5ea72d74bd96b9b70de64aec645fd26c1bc40c6659",
                "sha256:ce2bb383baca8b95dbb93280ea0bce5e335a82aa7134af0c2be77a4a6c9f14e0"
            ],
            "index": "pypi",
            "markers": "python_version >= '3.8' and python_version < '4.0'",
            "version": "==1.20.0.post5"
        },
        "micropython-stdlib-stubs": {
            "hashes": [
                "sha256:0e20e044f24b7f5d67205fd08780aa4ca0ea3741e4d14406ff7dca1ed8364f49",
                "sha256:a455a01a5d7700ef99124072d94c967d5123778512260d87679e47e57f81e3d8"
            ],
            "markers": "python_version >= '3.8' and python_version < '4.0'",
            "version": "==1.1.2"
        },
        "mpremote": {
            "hashes": [
                "sha256:e197a086eca6367da63bb716434a4e8075e0ea1886c4452bb3de046853d0ae5d",
                "sha256:efe1f9758d8694d29981852c0a946a207765797bc596ef405e3e01517a5f1d9c"
            ],
            "index": "pypi",
            "markers": "python_version >= '3.4'",
            "version": "==1.23.0"
        },
        "pyserial": {
            "hashes": [
                "sha256:3c77e014170dfffbd816e6ffc205e9842efb10be9f58ec16d3e8675b4925cddb",
                "sha256:c4451db6ba391ca6ca299fb3ec7bae67a5c55dde170964c7a14ceefec02f2cf0"
            ],
            "version": "==3.5"
        }
    },
    "develop": {}
}
